
Microsoft Visual Studio Solution File, Format Version 12.00
# Visual Studio Version 17
VisualStudioVersion = 17.3.32901.215
MinimumVisualStudioVersion = 10.0.40219.1
Project("{FAE04EC0-301F-11D3-BF4B-00C04F79EFBC}") = "WinFormsApp4", "WinFormsApp4\WinFormsApp4.csproj", "{852A280E-F1DB-49CA-958F-C37D3B626AFB}"
EndProject
Global
	GlobalSection(SolutionConfigurationPlatforms) = preSolution
		Debug|Any CPU = Debug|Any CPU
		Release|Any CPU = Release|Any CPU
	EndGlobalSection
	GlobalSection(ProjectConfigurationPlatforms) = postSolution
		{852A280E-F1DB-49CA-958F-C37D3B626AFB}.Debug|Any CPU.ActiveCfg = Debug|Any CPU
		{852A280E-F1DB-49CA-958F-C37D3B626AFB}.Debug|Any CPU.Build.0 = Debug|Any CPU
		{852A280E-F1DB-49CA-958F-C37D3B626AFB}.Release|Any CPU.ActiveCfg = Release|Any CPU
		{852A280E-F1DB-49CA-958F-C37D3B626AFB}.Release|Any CPU.Build.0 = Release|Any CPU
	EndGlobalSection
	GlobalSection(SolutionProperties) = preSolution
		HideSolutionNode = FALSE
	EndGlobalSection
	GlobalSection(ExtensibilityGlobals) = postSolution
		SolutionGuid = {2ED8E75F-4870-4B01-8E92-44CC54738697}
	EndGlobalSection
EndGlobal
